
Microsoft Visual Studio Solution File, Format Version 12.00
# Visual Studio Version 17
VisualStudioVersion = 17.4.33205.214
MinimumVisualStudioVersion = 10.0.40219.1
Project("{9A19103F-16F7-4668-BE54-9A1E7A4F7556}") = "BlogP.Web", "BlogP.Web\BlogP.Web.csproj", "{11EED64F-9177-4306-A9D5-35A9EC0C3768}"
EndProject
Project("{9A19103F-16F7-4668-BE54-9A1E7A4F7556}") = "BlogP.Core", "BlogP.Core\BlogP.Core.csproj", "{34467860-17E0-49F4-98D9-6220EBDADC61}"
EndProject
Project("{9A19103F-16F7-4668-BE54-9A1E7A4F7556}") = "BlogP.Data", "BlogP.Data\BlogP.Data.csproj", "{46E75F89-0793-4381-960D-AB4E71E23409}"
EndProject
Project("{9A19103F-16F7-4668-BE54-9A1E7A4F7556}") = "BlogP.Entity", "BlogP.Entity\BlogP.Entity.csproj", "{2C7AFF5A-28AD-45DE-97C1-28AAD52D3A23}"
EndProject
Project("{9A19103F-16F7-4668-BE54-9A1E7A4F7556}") = "BlogP.Service", "BlogP.Service\BlogP.Service.csproj", "{4D709FF9-3331-4D72-BE2D-932A6F0AF715}"
EndProject
Global
	GlobalSection(SolutionConfigurationPlatforms) = preSolution
		Debug|Any CPU = Debug|Any CPU
		Release|Any CPU = Release|Any CPU
	EndGlobalSection
	GlobalSection(ProjectConfigurationPlatforms) = postSolution
		{11EED64F-9177-4306-A9D5-35A9EC0C3768}.Debug|Any CPU.ActiveCfg = Debug|Any CPU
		{11EED64F-9177-4306-A9D5-35A9EC0C3768}.Debug|Any CPU.Build.0 = Debug|Any CPU
		{11EED64F-9177-4306-A9D5-35A9EC0C3768}.Release|Any CPU.ActiveCfg = Release|Any CPU
		{11EED64F-9177-4306-A9D5-35A9EC0C3768}.Release|Any CPU.Build.0 = Release|Any CPU
		{34467860-17E0-49F4-98D9-6220EBDADC61}.Debug|Any CPU.ActiveCfg = Debug|Any CPU
		{34467860-17E0-49F4-98D9-6220EBDADC61}.Debug|Any CPU.Build.0 = Debug|Any CPU
		{34467860-17E0-49F4-98D9-6220EBDADC61}.Release|Any CPU.ActiveCfg = Release|Any CPU
		{34467860-17E0-49F4-98D9-6220EBDADC61}.Release|Any CPU.Build.0 = Release|Any CPU
		{46E75F89-0793-4381-960D-AB4E71E23409}.Debug|Any CPU.ActiveCfg = Debug|Any CPU
		{46E75F89-0793-4381-960D-AB4E71E23409}.Debug|Any CPU.Build.0 = Debug|Any CPU
		{46E75F89-0793-4381-960D-AB4E71E23409}.Release|Any CPU.ActiveCfg = Release|Any CPU
		{46E75F89-0793-4381-960D-AB4E71E23409}.Release|Any CPU.Build.0 = Release|Any CPU
		{2C7AFF5A-28AD-45DE-97C1-28AAD52D3A23}.Debug|Any CPU.ActiveCfg = Debug|Any CPU
		{2C7AFF5A-28AD-45DE-97C1-28AAD52D3A23}.Debug|Any CPU.Build.0 = Debug|Any CPU
		{2C7AFF5A-28AD-45DE-97C1-28AAD52D3A23}.Release|Any CPU.ActiveCfg = Release|Any CPU
		{2C7AFF5A-28AD-45DE-97C1-28AAD52D3A23}.Release|Any CPU.Build.0 = Release|Any CPU
		{4D709FF9-3331-4D72-BE2D-932A6F0AF715}.Debug|Any CPU.ActiveCfg = Debug|Any CPU
		{4D709FF9-3331-4D72-BE2D-932A6F0AF715}.Debug|Any CPU.Build.0 = Debug|Any CPU
		{4D709FF9-3331-4D72-BE2D-932A6F0AF715}.Release|Any CPU.ActiveCfg = Release|Any CPU
		{4D709FF9-3331-4D72-BE2D-932A6F0AF715}.Release|Any CPU.Build.0 = Release|Any CPU
	EndGlobalSection
	GlobalSection(SolutionProperties) = preSolution
		HideSolutionNode = FALSE
	EndGlobalSection
	GlobalSection(ExtensibilityGlobals) = postSolution
		SolutionGuid = {E21D0DE6-78A8-42BA-B2FB-436E7DDE8AE6}
	EndGlobalSection
EndGlobal
